# This file is generated by running "yarn install" inside your project.
# Manual changes might be lost - proceed with caution!

__metadata:
  version: 4
  cacheKey: 4

"@types/node-fetch@npm:^2.5.7":
  version: 2.5.7
  resolution: "@types/node-fetch@npm:2.5.7"
  dependencies:
    "@types/node": "*"
    form-data: ^3.0.0
  checksum: 101f6e8474407f957dfe1750d82aa0bcaa56347d09c8ba8634e6a901d07032533c0a578860691d915ff8fa230355700c41c04ae7e505840b5d6ff8cc3ece7741
  languageName: node
  linkType: hard

"@types/node@npm:*":
  version: 14.0.13
  resolution: "@types/node@npm:14.0.13"
  checksum: 2f2be6f7f1a916b0f4d58949bd934a8e41c0dcb15c493c17c3eaf78da3065c09650030f0dfe2e8c11880d597ee001d7cd925129218037fdb4432e80f7d895673
  languageName: node
  linkType: hard

"asynckit@npm:^0.4.0":
  version: 0.4.0
  resolution: "asynckit@npm:0.4.0"
  checksum: a024000b9ddd938e2f27b3cb8188f96a5e1fff58185e98b84862fc4e01de279a547874a800340c2b106bb9de9b0fc61c6c683bc6892abf65e6be29a96addafd3
  languageName: node
  linkType: hard

"buffer-from@npm:^1.0.0":
  version: 1.1.1
  resolution: "buffer-from@npm:1.1.1"
  checksum: 540ceb79c4f5bfcadaabbc18324fa84c50dc52905084be7c03596a339cf5a88513bee6831ce9b36ddd046fab09257a7c80686e129d0559a0cfd141da196ad956
  languageName: node
  linkType: hard

"combined-stream@npm:^1.0.8":
  version: 1.0.8
  resolution: "combined-stream@npm:1.0.8"
  dependencies:
    delayed-stream: ~1.0.0
  checksum: 5791ce7944530f0db74a97e77ea28b6fdbf89afcf038e41d6b4195019c4c803cd19ed2905a54959e5b3830d50bd5d6f93c681c6d3aaea8614ad43b48e62e9d65
  languageName: node
  linkType: hard

"corona-gist@workspace:.":
  version: 0.0.0-use.local
  resolution: "corona-gist@workspace:."
  dependencies:
    "@types/node-fetch": ^2.5.7
    node-fetch: ^2.6.0
    source-map-support: ^0.5.19
    typescript: ^3.9.5
  languageName: unknown
  linkType: soft

"delayed-stream@npm:~1.0.0":
  version: 1.0.0
  resolution: "delayed-stream@npm:1.0.0"
  checksum: d9dfb0a7c79fd308fada9db2cf29d1ff22047ceb50dd78f7e3c173567909b438f418259cb76a6d9c9f513e88ef41d3a14154f618741ec8368c3efeff616d0c9f
  languageName: node
  linkType: hard

"form-data@npm:^3.0.0":
  version: 3.0.0
  resolution: "form-data@npm:3.0.0"
  dependencies:
    asynckit: ^0.4.0
    combined-stream: ^1.0.8
    mime-types: ^2.1.12
  checksum: 1af88217b449eda6566a0d95185f2baa403ed2a0e3b11547069f6062be66cbac7c8d7a25f0fc59560702e96526e659b5b9e5a8c6fefe00f06da44338191a9133
  languageName: node
  linkType: hard

"mime-db@npm:1.44.0":
  version: 1.44.0
  resolution: "mime-db@npm:1.44.0"
  checksum: b4e3b2141418572fba9786f7e36324faef15e23032ad0871f56760cb304ee721ba4c8cc795d3c1cac69a2a8b94045c1d6b08c4a8d1ef6ba1226a3a5193915c57
  languageName: node
  linkType: hard

"mime-types@npm:^2.1.12":
  version: 2.1.27
  resolution: "mime-types@npm:2.1.27"
  dependencies:
    mime-db: 1.44.0
  checksum: 51fe2f2c08c10ac7a2f67e2ce5de30f6500faa88d095418a1ab6e90e30960db7c682a8ecce60d3d4e293ac52c4700ca99399833db998ea9ec83d6f0503b70a94
  languageName: node
  linkType: hard

"node-fetch@npm:^2.6.0":
  version: 2.6.0
  resolution: "node-fetch@npm:2.6.0"
  checksum: dd9f586a9f7ddb7dd94d2aba9cb693d32f5001e9850098512fbc8a4cbdd56838afa08ed0a6725b9fce9b01ec12b713e622cbfc16d92762d8b937b238330a632a
  languageName: node
  linkType: hard

"source-map-support@npm:^0.5.19":
  version: 0.5.19
  resolution: "source-map-support@npm:0.5.19"
  dependencies:
    buffer-from: ^1.0.0
    source-map: ^0.6.0
  checksum: 59d4efaae97755155b078413ecba63517e3ef054cc7ab767bbd30e6f3054be2ae8e8f5cce7eef53b7eb93e98fe27a58dd8f5e7abfb13144ba420ddaf5267bbb2
  languageName: node
  linkType: hard

"source-map@npm:^0.6.0":
  version: 0.6.1
  resolution: "source-map@npm:0.6.1"
  checksum: 8647829a0611724114022be455ca1c8a2c8ae61df81c5b3667d9b398207226a1e21174fb7bbf0b4dbeb27ac358222afb5a14f1c74a62a62b8883b012e5eb1270
  languageName: node
  linkType: hard

typescript@^3.9.5:
  version: 3.9.5
  resolution: "typescript@npm:3.9.5"
  bin:
    tsc: bin/tsc
    tsserver: bin/tsserver
  checksum: 15618435493667083eb43dc7b36c4d3dd47fd9e9c8a14f0ac4019bbf6124b6cc518b6ed506400913db1bf50831207ee8201b5d827680076930b562923f4f18a0
  languageName: node
  linkType: hard

"typescript@patch:typescript@^3.9.5#builtin<compat/typescript>":
  version: 3.9.5
  resolution: "typescript@patch:typescript@npm%3A3.9.5#builtin<compat/typescript>::version=3.9.5&hash=64df9d"
  bin:
    tsc: bin/tsc
    tsserver: bin/tsserver
  checksum: 5849aa7c2d887b4d0b289530b45690fc26e606ea3719cf958dbb7f531ca1b968895bbef89b21ecb3903d5039fb047ebf6a0047ba147123060cbe1940ce5c91be
  languageName: node
  linkType: hard
